{
  "name": "digitalguestbook",
  "requires": true,
  "lockfileVersion": 1,
  "dependencies": {
    "html5-qrcode": {
      "version": "1.2.4",
      "resolved": "https://registry.npmjs.org/html5-qrcode/-/html5-qrcode-1.2.4.tgz",
      "integrity": "sha512-qV786QImOvFJu121Gp/LVAvT9gXutcT0obBBS7RXIqFt0B0dtpYUrh+F31J6GDAE2lJX1CXtU66xHI8rCsC7Xg=="
    }
  }
}
