# THIS IS AN AUTOGENERATED FILE. DO NOT EDIT THIS FILE DIRECTLY.
# yarn lockfile v1


html5-qrcode@^1.2.4:
  version "1.2.4"
  resolved "https://registry.yarnpkg.com/html5-qrcode/-/html5-qrcode-1.2.4.tgz#26cdc30714570eb467f0e004c02b8626826db33b"
  integrity sha512-qV786QImOvFJu121Gp/LVAvT9gXutcT0obBBS7RXIqFt0B0dtpYUrh+F31J6GDAE2lJX1CXtU66xHI8rCsC7Xg==
